
Microsoft Visual Studio Solution File, Format Version 12.00
# Visual Studio 15
VisualStudioVersion = 15.0.28010.2016
MinimumVisualStudioVersion = 10.0.40219.1
Project("{FAE04EC0-301F-11D3-BF4B-00C04F79EFBC}") = "QuickAD", "QuickAD\QuickAD.csproj", "{9CE78FF8-FE61-4161-A24A-15240334AED9}"
EndProject
Global
	GlobalSection(SolutionConfigurationPlatforms) = preSolution
		Debug|Any CPU = Debug|Any CPU
		Release|Any CPU = Release|Any CPU
	EndGlobalSection
	GlobalSection(ProjectConfigurationPlatforms) = postSolution
		{9CE78FF8-FE61-4161-A24A-15240334AED9}.Debug|Any CPU.ActiveCfg = Debug|Any CPU
		{9CE78FF8-FE61-4161-A24A-15240334AED9}.Debug|Any CPU.Build.0 = Debug|Any CPU
		{9CE78FF8-FE61-4161-A24A-15240334AED9}.Release|Any CPU.ActiveCfg = Release|Any CPU
		{9CE78FF8-FE61-4161-A24A-15240334AED9}.Release|Any CPU.Build.0 = Release|Any CPU
	EndGlobalSection
	GlobalSection(SolutionProperties) = preSolution
		HideSolutionNode = FALSE
	EndGlobalSection
	GlobalSection(ExtensibilityGlobals) = postSolution
		SolutionGuid = {529C01C9-E0FD-458F-B62E-356926FC055B}
	EndGlobalSection
EndGlobal
